// !$*UTF8*$!
{
	archiveVersion = 1;
	classes = {
	};
	objectVersion = 46;
	objects = {

/* Begin PBXBuildFile section */
		500638F11F57A6DD00D09FB2 /* AFNetworking.framework in Frameworks */ = {isa = PBXBuildFile; fileRef = 500638ED1F57A6DD00D09FB2 /* AFNetworking.framework */; };
		500638F21F57A6DD00D09FB2 /* OnePasswordExtension.framework in Frameworks */ = {isa = PBXBuildFile; fileRef = 500638EE1F57A6DD00D09FB2 /* OnePasswordExtension.framework */; };
		500638F31F57A6DD00D09FB2 /* ParticleDeviceSetupLibrary.framework in Frameworks */ = {isa = PBXBuildFile; fileRef = 500638EF1F57A6DD00D09FB2 /* ParticleDeviceSetupLibrary.framework */; };
		500638F41F57A6DD00D09FB2 /* ParticleSDK.framework in Frameworks */ = {isa = PBXBuildFile; fileRef = 500638F01F57A6DD00D09FB2 /* ParticleSDK.framework */; };
		509749CD1D42E46900C5DF0B /* AFNetworking.framework in Frameworks */ = {isa = PBXBuildFile; fileRef = 509749C81D42E3CA00C5DF0B /* AFNetworking.framework */; };
		509749CE1D42E46900C5DF0B /* OnePasswordExtension.framework in Frameworks */ = {isa = PBXBuildFile; fileRef = 509749C71D42E3CA00C5DF0B /* OnePasswordExtension.framework */; };
		509749D11D42E4A200C5DF0B /* ParticleDeviceSetupLibrary.framework in Frameworks */ = {isa = PBXBuildFile; fileRef = 509749C51D42E3CA00C5DF0B /* ParticleDeviceSetupLibrary.framework */; };
		509749D21D42E4A200C5DF0B /* ParticleDeviceSetupLibrary.framework in Embed Frameworks */ = {isa = PBXBuildFile; fileRef = 509749C51D42E3CA00C5DF0B /* ParticleDeviceSetupLibrary.framework */; settings = {ATTRIBUTES = (CodeSignOnCopy, RemoveHeadersOnCopy, ); }; };
		509749D31D42E4A200C5DF0B /* ParticleSDK.framework in Frameworks */ = {isa = PBXBuildFile; fileRef = 509749C61D42E3CA00C5DF0B /* ParticleSDK.framework */; };
		509749D41D42E4A200C5DF0B /* ParticleSDK.framework in Embed Frameworks */ = {isa = PBXBuildFile; fileRef = 509749C61D42E3CA00C5DF0B /* ParticleSDK.framework */; settings = {ATTRIBUTES = (CodeSignOnCopy, RemoveHeadersOnCopy, ); }; };
		509749D61D42E4A200C5DF0B /* OnePasswordExtension.framework in Embed Frameworks */ = {isa = PBXBuildFile; fileRef = 509749C71D42E3CA00C5DF0B /* OnePasswordExtension.framework */; settings = {ATTRIBUTES = (CodeSignOnCopy, RemoveHeadersOnCopy, ); }; };
		509749D81D42E4A200C5DF0B /* AFNetworking.framework in Embed Frameworks */ = {isa = PBXBuildFile; fileRef = 509749C81D42E3CA00C5DF0B /* AFNetworking.framework */; settings = {ATTRIBUTES = (CodeSignOnCopy, RemoveHeadersOnCopy, ); }; };
		50A6F86E1CAE06DD000024A8 /* AppDelegate.swift in Sources */ = {isa = PBXBuildFile; fileRef = 50A6F86D1CAE06DD000024A8 /* AppDelegate.swift */; };
		50A6F8701CAE06DD000024A8 /* ViewController.swift in Sources */ = {isa = PBXBuildFile; fileRef = 50A6F86F1CAE06DD000024A8 /* ViewController.swift */; };
		50A6F8731CAE06DD000024A8 /* Main.storyboard in Resources */ = {isa = PBXBuildFile; fileRef = 50A6F8711CAE06DD000024A8 /* Main.storyboard */; };
		50A6F8751CAE06DD000024A8 /* Assets.xcassets in Resources */ = {isa = PBXBuildFile; fileRef = 50A6F8741CAE06DD000024A8 /* Assets.xcassets */; };
		50A6F8781CAE06DD000024A8 /* LaunchScreen.storyboard in Resources */ = {isa = PBXBuildFile; fileRef = 50A6F8761CAE06DD000024A8 /* LaunchScreen.storyboard */; };
		50A6F89B1CB4A646000024A8 /* Cartfile in Resources */ = {isa = PBXBuildFile; fileRef = 50A6F89A1CB4A646000024A8 /* Cartfile */; };
/* End PBXBuildFile section */

/* Begin PBXCopyFilesBuildPhase section */
		5014ED751CB8775500A1063E /* Embed Frameworks */ = {
			isa = PBXCopyFilesBuildPhase;
			buildActionMask = 2147483647;
			dstPath = "";
			dstSubfolderSpec = 10;
			files = (
				509749D61D42E4A200C5DF0B /* OnePasswordExtension.framework in Embed Frameworks */,
				509749D81D42E4A200C5DF0B /* AFNetworking.framework in Embed Frameworks */,
				509749D21D42E4A200C5DF0B /* ParticleDeviceSetupLibrary.framework in Embed Frameworks */,
				509749D41D42E4A200C5DF0B /* ParticleSDK.framework in Embed Frameworks */,
			);
			name = "Embed Frameworks";
			runOnlyForDeploymentPostprocessing = 0;
		};
/* End PBXCopyFilesBuildPhase section */

/* Begin PBXFileReference section */
		500638ED1F57A6DD00D09FB2 /* AFNetworking.framework */ = {isa = PBXFileReference; lastKnownFileType = wrapper.framework; name = AFNetworking.framework; path = Carthage/Build/iOS/AFNetworking.framework; sourceTree = "<group>"; };
		500638EE1F57A6DD00D09FB2 /* OnePasswordExtension.framework */ = {isa = PBXFileReference; lastKnownFileType = wrapper.framework; name = OnePasswordExtension.framework; path = Carthage/Build/iOS/OnePasswordExtension.framework; sourceTree = "<group>"; };
		500638EF1F57A6DD00D09FB2 /* ParticleDeviceSetupLibrary.framework */ = {isa = PBXFileReference; lastKnownFileType = wrapper.framework; name = ParticleDeviceSetupLibrary.framework; path = Carthage/Build/iOS/ParticleDeviceSetupLibrary.framework; sourceTree = "<group>"; };
		500638F01F57A6DD00D09FB2 /* ParticleSDK.framework */ = {isa = PBXFileReference; lastKnownFileType = wrapper.framework; name = ParticleSDK.framework; path = Carthage/Build/iOS/ParticleSDK.framework; sourceTree = "<group>"; };
		5014ED6E1CB8770A00A1063E /* firmware.c */ = {isa = PBXFileReference; lastKnownFileType = sourcecode.c.c; path = firmware.c; sourceTree = "<group>"; };
		5014ED761CB8777900A1063E /* README.md */ = {isa = PBXFileReference; lastKnownFileType = net.daringfireball.markdown; path = README.md; sourceTree = "<group>"; };
		509749C51D42E3CA00C5DF0B /* ParticleDeviceSetupLibrary.framework */ = {isa = PBXFileReference; lastKnownFileType = wrapper.framework; name = ParticleDeviceSetupLibrary.framework; path = "/Users/ido/projects/Spark/ios-app-example-carthage/Carthage/Build/iOS/ParticleDeviceSetupLibrary.framework"; sourceTree = "<absolute>"; };
		509749C61D42E3CA00C5DF0B /* ParticleSDK.framework */ = {isa = PBXFileReference; lastKnownFileType = wrapper.framework; name = ParticleSDK.framework; path = "/Users/ido/projects/Spark/ios-app-example-carthage/Carthage/Build/iOS/ParticleSDK.framework"; sourceTree = "<absolute>"; };
		509749C71D42E3CA00C5DF0B /* OnePasswordExtension.framework */ = {isa = PBXFileReference; lastKnownFileType = wrapper.framework; name = OnePasswordExtension.framework; path = "/Users/ido/projects/Spark/ios-app-example-carthage/Carthage/Build/iOS/OnePasswordExtension.framework"; sourceTree = "<absolute>"; };
		509749C81D42E3CA00C5DF0B /* AFNetworking.framework */ = {isa = PBXFileReference; lastKnownFileType = wrapper.framework; name = AFNetworking.framework; path = "/Users/ido/projects/Spark/ios-app-example-carthage/Carthage/Build/iOS/AFNetworking.framework"; sourceTree = "<absolute>"; };
		50A6F86A1CAE06DD000024A8 /* ParticleSDKExampleApp-Carthage.app */ = {isa = PBXFileReference; explicitFileType = wrapper.application; includeInIndex = 0; path = "ParticleSDKExampleApp-Carthage.app"; sourceTree = BUILT_PRODUCTS_DIR; };
		50A6F86D1CAE06DD000024A8 /* AppDelegate.swift */ = {isa = PBXFileReference; lastKnownFileType = sourcecode.swift; path = AppDelegate.swift; sourceTree = "<group>"; };
		50A6F86F1CAE06DD000024A8 /* ViewController.swift */ = {isa = PBXFileReference; lastKnownFileType = sourcecode.swift; path = ViewController.swift; sourceTree = "<group>"; };
		50A6F8721CAE06DD000024A8 /* Base */ = {isa = PBXFileReference; lastKnownFileType = file.storyboard; name = Base; path = Base.lproj/Main.storyboard; sourceTree = "<group>"; };
		50A6F8741CAE06DD000024A8 /* Assets.xcassets */ = {isa = PBXFileReference; lastKnownFileType = folder.assetcatalog; path = Assets.xcassets; sourceTree = "<group>"; };
		50A6F8771CAE06DD000024A8 /* Base */ = {isa = PBXFileReference; lastKnownFileType = file.storyboard; name = Base; path = Base.lproj/LaunchScreen.storyboard; sourceTree = "<group>"; };
		50A6F8791CAE06DE000024A8 /* Info.plist */ = {isa = PBXFileReference; lastKnownFileType = text.plist.xml; path = Info.plist; sourceTree = "<group>"; };
		50A6F89A1CB4A646000024A8 /* Cartfile */ = {isa = PBXFileReference; fileEncoding = 4; lastKnownFileType = text; path = Cartfile; sourceTree = "<group>"; };
/* End PBXFileReference section */

/* Begin PBXFrameworksBuildPhase section */
		50A6F8671CAE06DD000024A8 /* Frameworks */ = {
			isa = PBXFrameworksBuildPhase;
			buildActionMask = 2147483647;
			files = (
				500638F21F57A6DD00D09FB2 /* OnePasswordExtension.framework in Frameworks */,
				500638F31F57A6DD00D09FB2 /* ParticleDeviceSetupLibrary.framework in Frameworks */,
				509749CD1D42E46900C5DF0B /* AFNetworking.framework in Frameworks */,
				500638F11F57A6DD00D09FB2 /* AFNetworking.framework in Frameworks */,
				509749CE1D42E46900C5DF0B /* OnePasswordExtension.framework in Frameworks */,
				509749D11D42E4A200C5DF0B /* ParticleDeviceSetupLibrary.framework in Frameworks */,
				509749D31D42E4A200C5DF0B /* ParticleSDK.framework in Frameworks */,
				500638F41F57A6DD00D09FB2 /* ParticleSDK.framework in Frameworks */,
			);
			runOnlyForDeploymentPostprocessing = 0;
		};
/* End PBXFrameworksBuildPhase section */

/* Begin PBXGroup section */
		50A6F8611CAE06DD000024A8 = {
			isa = PBXGroup;
			children = (
				500638ED1F57A6DD00D09FB2 /* AFNetworking.framework */,
				500638EE1F57A6DD00D09FB2 /* OnePasswordExtension.framework */,
				500638EF1F57A6DD00D09FB2 /* ParticleDeviceSetupLibrary.framework */,
				500638F01F57A6DD00D09FB2 /* ParticleSDK.framework */,
				5014ED761CB8777900A1063E /* README.md */,
				50A6F89A1CB4A646000024A8 /* Cartfile */,
				50A6F86C1CAE06DD000024A8 /* ParticleSDKExampleApp */,
				50A6F86B1CAE06DD000024A8 /* Products */,
			);
			sourceTree = "<group>";
		};
		50A6F86B1CAE06DD000024A8 /* Products */ = {
			isa = PBXGroup;
			children = (
				50A6F86A1CAE06DD000024A8 /* ParticleSDKExampleApp-Carthage.app */,
			);
			name = Products;
			sourceTree = "<group>";
		};
		50A6F86C1CAE06DD000024A8 /* ParticleSDKExampleApp */ = {
			isa = PBXGroup;
			children = (
				50A6F86D1CAE06DD000024A8 /* AppDelegate.swift */,
				50A6F86F1CAE06DD000024A8 /* ViewController.swift */,
				5014ED6E1CB8770A00A1063E /* firmware.c */,
				50A6F8711CAE06DD000024A8 /* Main.storyboard */,
				50A6F8741CAE06DD000024A8 /* Assets.xcassets */,
				50A6F8761CAE06DD000024A8 /* LaunchScreen.storyboard */,
				50A6F8791CAE06DE000024A8 /* Info.plist */,
			);
			path = ParticleSDKExampleApp;
			sourceTree = "<group>";
		};
/* End PBXGroup section */

/* Begin PBXNativeTarget section */
		50A6F8691CAE06DD000024A8 /* ParticleSDKExampleApp-Carthage */ = {
			isa = PBXNativeTarget;
			buildConfigurationList = 50A6F87C1CAE06DE000024A8 /* Build configuration list for PBXNativeTarget "ParticleSDKExampleApp-Carthage" */;
			buildPhases = (
				50A6F8661CAE06DD000024A8 /* Sources */,
				50A6F8671CAE06DD000024A8 /* Frameworks */,
				50A6F8681CAE06DD000024A8 /* Resources */,
				5014ED751CB8775500A1063E /* Embed Frameworks */,
			);
			buildRules = (
			);
			dependencies = (
			);
			name = "ParticleSDKExampleApp-Carthage";
			productName = ParticleSDKExampleApp;
			productReference = 50A6F86A1CAE06DD000024A8 /* ParticleSDKExampleApp-Carthage.app */;
			productType = "com.apple.product-type.application";
		};
/* End PBXNativeTarget section */

/* Begin PBXProject section */
		50A6F8621CAE06DD000024A8 /* Project object */ = {
			isa = PBXProject;
			attributes = {
				LastSwiftUpdateCheck = 0720;
				LastUpgradeCheck = 0820;
				ORGANIZATIONNAME = Particle;
				TargetAttributes = {
					50A6F8691CAE06DD000024A8 = {
						CreatedOnToolsVersion = 7.2.1;
						LastSwiftMigration = 0820;
					};
				};
			};
			buildConfigurationList = 50A6F8651CAE06DD000024A8 /* Build configuration list for PBXProject "ParticleSDKExampleApp-Carthage" */;
			compatibilityVersion = "Xcode 3.2";
			developmentRegion = English;
			hasScannedForEncodings = 0;
			knownRegions = (
				en,
				Base,
			);
			mainGroup = 50A6F8611CAE06DD000024A8;
			productRefGroup = 50A6F86B1CAE06DD000024A8 /* Products */;
			projectDirPath = "";
			projectRoot = "";
			targets = (
				50A6F8691CAE06DD000024A8 /* ParticleSDKExampleApp-Carthage */,
			);
		};
/* End PBXProject section */

/* Begin PBXResourcesBuildPhase section */
		50A6F8681CAE06DD000024A8 /* Resources */ = {
			isa = PBXResourcesBuildPhase;
			buildActionMask = 2147483647;
			files = (
				50A6F8781CAE06DD000024A8 /* LaunchScreen.storyboard in Resources */,
				50A6F8751CAE06DD000024A8 /* Assets.xcassets in Resources */,
				50A6F89B1CB4A646000024A8 /* Cartfile in Resources */,
				50A6F8731CAE06DD000024A8 /* Main.storyboard in Resources */,
			);
			runOnlyForDeploymentPostprocessing = 0;
		};
/* End PBXResourcesBuildPhase section */

/* Begin PBXSourcesBuildPhase section */
		50A6F8661CAE06DD000024A8 /* Sources */ = {
			isa = PBXSourcesBuildPhase;
			buildActionMask = 2147483647;
			files = (
				50A6F8701CAE06DD000024A8 /* ViewController.swift in Sources */,
				50A6F86E1CAE06DD000024A8 /* AppDelegate.swift in Sources */,
			);
			runOnlyForDeploymentPostprocessing = 0;
		};
/* End PBXSourcesBuildPhase section */

/* Begin PBXVariantGroup section */
		50A6F8711CAE06DD000024A8 /* Main.storyboard */ = {
			isa = PBXVariantGroup;
			children = (
				50A6F8721CAE06DD000024A8 /* Base */,
			);
			name = Main.storyboard;
			sourceTree = "<group>";
		};
		50A6F8761CAE06DD000024A8 /* LaunchScreen.storyboard */ = {
			isa = PBXVariantGroup;
			children = (
				50A6F8771CAE06DD000024A8 /* Base */,
			);
			name = LaunchScreen.storyboard;
			sourceTree = "<group>";
		};
/* End PBXVariantGroup section */

/* Begin XCBuildConfiguration section */
		50A6F87A1CAE06DE000024A8 /* Debug */ = {
			isa = XCBuildConfiguration;
			buildSettings = {
				ALWAYS_SEARCH_USER_PATHS = NO;
				CLANG_CXX_LANGUAGE_STANDARD = "gnu++0x";
				CLANG_CXX_LIBRARY = "libc++";
				CLANG_ENABLE_MODULES = YES;
				CLANG_ENABLE_OBJC_ARC = YES;
				CLANG_WARN_BOOL_CONVERSION = YES;
				CLANG_WARN_CONSTANT_CONVERSION = YES;
				CLANG_WARN_DIRECT_OBJC_ISA_USAGE = YES_ERROR;
				CLANG_WARN_EMPTY_BODY = YES;
				CLANG_WARN_ENUM_CONVERSION = YES;
				CLANG_WARN_INFINITE_RECURSION = YES;
				CLANG_WARN_INT_CONVERSION = YES;
				CLANG_WARN_OBJC_ROOT_CLASS = YES_ERROR;
				CLANG_WARN_SUSPICIOUS_MOVE = YES;
				CLANG_WARN_UNREACHABLE_CODE = YES;
				CLANG_WARN__DUPLICATE_METHOD_MATCH = YES;
				"CODE_SIGN_IDENTITY[sdk=iphoneos*]" = "iPhone Developer";
				COPY_PHASE_STRIP = NO;
				DEBUG_INFORMATION_FORMAT = dwarf;
				ENABLE_STRICT_OBJC_MSGSEND = YES;
				ENABLE_TESTABILITY = YES;
				GCC_C_LANGUAGE_STANDARD = gnu99;
				GCC_DYNAMIC_NO_PIC = NO;
				GCC_NO_COMMON_BLOCKS = YES;
				GCC_OPTIMIZATION_LEVEL = 0;
				GCC_PREPROCESSOR_DEFINITIONS = (
					"DEBUG=1",
					"$(inherited)",
				);
				GCC_WARN_64_TO_32_BIT_CONVERSION = YES;
				GCC_WARN_ABOUT_RETURN_TYPE = YES_ERROR;
				GCC_WARN_UNDECLARED_SELECTOR = YES;
				GCC_WARN_UNINITIALIZED_AUTOS = YES_AGGRESSIVE;
				GCC_WARN_UNUSED_FUNCTION = YES;
				GCC_WARN_UNUSED_VARIABLE = YES;
				IPHONEOS_DEPLOYMENT_TARGET = 9.2;
				MTL_ENABLE_DEBUG_INFO = YES;
				ONLY_ACTIVE_ARCH = YES;
				SDKROOT = iphoneos;
				SWIFT_OPTIMIZATION_LEVEL = "-Onone";
				TARGETED_DEVICE_FAMILY = "1,2";
				WARNING_CFLAGS = "-Wno-objc-designated-initializers";
			};
			name = Debug;
		};
		50A6F87B1CAE06DE000024A8 /* Release */ = {
			isa = XCBuildConfiguration;
			buildSettings = {
				ALWAYS_SEARCH_USER_PATHS = NO;
				CLANG_CXX_LANGUAGE_STANDARD = "gnu++0x";
				CLANG_CXX_LIBRARY = "libc++";
				CLANG_ENABLE_MODULES = YES;
				CLANG_ENABLE_OBJC_ARC = YES;
				CLANG_WARN_BOOL_CONVERSION = YES;
				CLANG_WARN_CONSTANT_CONVERSION = YES;
				CLANG_WARN_DIRECT_OBJC_ISA_USAGE = YES_ERROR;
				CLANG_WARN_EMPTY_BODY = YES;
				CLANG_WARN_ENUM_CONVERSION = YES;
				CLANG_WARN_INFINITE_RECURSION = YES;
				CLANG_WARN_INT_CONVERSION = YES;
				CLANG_WARN_OBJC_ROOT_CLASS = YES_ERROR;
				CLANG_WARN_SUSPICIOUS_MOVE = YES;
				CLANG_WARN_UNREACHABLE_CODE = YES;
				CLANG_WARN__DUPLICATE_METHOD_MATCH = YES;
				"CODE_SIGN_IDENTITY[sdk=iphoneos*]" = "iPhone Developer";
				COPY_PHASE_STRIP = NO;
				DEBUG_INFORMATION_FORMAT = "dwarf-with-dsym";
				ENABLE_NS_ASSERTIONS = NO;
				ENABLE_STRICT_OBJC_MSGSEND = YES;
				GCC_C_LANGUAGE_STANDARD = gnu99;
				GCC_NO_COMMON_BLOCKS = YES;
				GCC_WARN_64_TO_32_BIT_CONVERSION = YES;
				GCC_WARN_ABOUT_RETURN_TYPE = YES_ERROR;
				GCC_WARN_UNDECLARED_SELECTOR = YES;
				GCC_WARN_UNINITIALIZED_AUTOS = YES_AGGRESSIVE;
				GCC_WARN_UNUSED_FUNCTION = YES;
				GCC_WARN_UNUSED_VARIABLE = YES;
				IPHONEOS_DEPLOYMENT_TARGET = 9.2;
				MTL_ENABLE_DEBUG_INFO = NO;
				SDKROOT = iphoneos;
				SWIFT_OPTIMIZATION_LEVEL = "-Owholemodule";
				TARGETED_DEVICE_FAMILY = "1,2";
				VALIDATE_PRODUCT = YES;
				WARNING_CFLAGS = "-Wno-objc-designated-initializers";
			};
			name = Release;
		};
		50A6F87D1CAE06DE000024A8 /* Debug */ = {
			isa = XCBuildConfiguration;
			buildSettings = {
				ASSETCATALOG_COMPILER_APPICON_NAME = AppIcon;
				FRAMEWORK_SEARCH_PATHS = (
					"$(inherited)",
					"$(PROJECT_DIR)/Carthage/Build/iOS",
				);
				INFOPLIST_FILE = ParticleSDKExampleApp/Info.plist;
				LD_RUNPATH_SEARCH_PATHS = "$(inherited) @executable_path/Frameworks";
				PRODUCT_BUNDLE_IDENTIFIER = "io.particle.ParticleSDKExampleApp-carthage";
				PRODUCT_NAME = "ParticleSDKExampleApp-Carthage";
				SWIFT_VERSION = 3.0;
				WARNING_CFLAGS = "";
			};
			name = Debug;
		};
		50A6F87E1CAE06DE000024A8 /* Release */ = {
			isa = XCBuildConfiguration;
			buildSettings = {
				ASSETCATALOG_COMPILER_APPICON_NAME = AppIcon;
				FRAMEWORK_SEARCH_PATHS = (
					"$(inherited)",
					"$(PROJECT_DIR)/Carthage/Build/iOS",
				);
				INFOPLIST_FILE = ParticleSDKExampleApp/Info.plist;
				LD_RUNPATH_SEARCH_PATHS = "$(inherited) @executable_path/Frameworks";
				PRODUCT_BUNDLE_IDENTIFIER = "io.particle.ParticleSDKExampleApp-carthage";
				PRODUCT_NAME = "ParticleSDKExampleApp-Carthage";
				SWIFT_VERSION = 3.0;
				WARNING_CFLAGS = "";
			};
			name = Release;
		};
/* End XCBuildConfiguration section */

/* Begin XCConfigurationList section */
		50A6F8651CAE06DD000024A8 /* Build configuration list for PBXProject "ParticleSDKExampleApp-Carthage" */ = {
			isa = XCConfigurationList;
			buildConfigurations = (
				50A6F87A1CAE06DE000024A8 /* Debug */,
				50A6F87B1CAE06DE000024A8 /* Release */,
			);
			defaultConfigurationIsVisible = 0;
			defaultConfigurationName = Release;
		};
		50A6F87C1CAE06DE000024A8 /* Build configuration list for PBXNativeTarget "ParticleSDKExampleApp-Carthage" */ = {
			isa = XCConfigurationList;
			buildConfigurations = (
				50A6F87D1CAE06DE000024A8 /* Debug */,
				50A6F87E1CAE06DE000024A8 /* Release */,
			);
			defaultConfigurationIsVisible = 0;
			defaultConfigurationName = Release;
		};
/* End XCConfigurationList section */
	};
	rootObject = 50A6F8621CAE06DD000024A8 /* Project object */;
}
